# THIS IS AN AUTOGENERATED FILE. DO NOT EDIT THIS FILE DIRECTLY.
# yarn lockfile v1
"@types/node", "@types/node@*":
  version "7.0.18"
  resolved "http://registry.npm.taobao.org/@types/node/download/@types/node-7.0.18.tgz#cd67f27d3dc0cfb746f0bdd5e086c4c5d55be173"

"@types/uuid@^2.0.29":
  version "2.0.29"
  resolved "http://registry.npm.taobao.org/@types/uuid/download/@types/uuid-2.0.29.tgz#939a198ab73567f811ab84f670d2be9c25addd41"
  dependencies:
    "@types/node" "*"

iconv:
  version "2.2.3"
  resolved "http://registry.npm.taobao.org/iconv/download/iconv-2.2.3.tgz#e084d60eeb7d73da7f0a9c096e4c8abe090bfaed"
  dependencies:
    nan "^2.3.5"

iconv-lite, iconv-lite@^0.4.15:
  version "0.4.17"
  resolved "http://registry.npm.taobao.org/iconv-lite/download/iconv-lite-0.4.17.tgz#4fdaa3b38acbc2c031b045d0edcdfe1ecab18c8d"

nan@^2.3.5:
  version "2.6.2"
  resolved "http://registry.npm.taobao.org/nan/download/nan-2.6.2.tgz#e4ff34e6c95fdfb5aecc08de6596f43605a7db45"

node-coolq:
  version "3.1.0"
  resolved "http://registry.npm.taobao.org/node-coolq/download/node-coolq-3.1.0.tgz#df850decfa8da6677ed26f6ebc24bbc2c811acf0"
  dependencies:
    "@types/uuid" "^2.0.29"
    iconv-lite "^0.4.15"
    uuid "^3.0.1"

uuid@^3.0.1:
  version "3.0.1"
  resolved "http://registry.npm.taobao.org/uuid/download/uuid-3.0.1.tgz#6544bba2dfda8c1cf17e629a3a305e2bb1fee6c1"

